
Microsoft Visual Studio Solution File, Format Version 12.00
# Visual Studio Version 16
VisualStudioVersion = 16.0.31129.286
MinimumVisualStudioVersion = 10.0.40219.1
Project("{FAE04EC0-301F-11D3-BF4B-00C04F79EFBC}") = "Torque_Tool", "Torque_Tool\Torque_Tool.csproj", "{0F772610-CA9D-400F-BA63-C2CEC701263D}"
EndProject
Project("{FAE04EC0-301F-11D3-BF4B-00C04F79EFBC}") = "Torque", "Torque\Torque.csproj", "{FD36AD4B-137A-4C52-92D5-CDA7AF8CDC8F}"
EndProject
Global
	GlobalSection(SolutionConfigurationPlatforms) = preSolution
		Debug|Any CPU = Debug|Any CPU
		Release|Any CPU = Release|Any CPU
	EndGlobalSection
	GlobalSection(ProjectConfigurationPlatforms) = postSolution
		{0F772610-CA9D-400F-BA63-C2CEC701263D}.Debug|Any CPU.ActiveCfg = Debug|Any CPU
		{0F772610-CA9D-400F-BA63-C2CEC701263D}.Debug|Any CPU.Build.0 = Debug|Any CPU
		{0F772610-CA9D-400F-BA63-C2CEC701263D}.Release|Any CPU.ActiveCfg = Release|Any CPU
		{0F772610-CA9D-400F-BA63-C2CEC701263D}.Release|Any CPU.Build.0 = Release|Any CPU
		{FD36AD4B-137A-4C52-92D5-CDA7AF8CDC8F}.Debug|Any CPU.ActiveCfg = Debug|Any CPU
		{FD36AD4B-137A-4C52-92D5-CDA7AF8CDC8F}.Debug|Any CPU.Build.0 = Debug|Any CPU
		{FD36AD4B-137A-4C52-92D5-CDA7AF8CDC8F}.Release|Any CPU.ActiveCfg = Release|Any CPU
		{FD36AD4B-137A-4C52-92D5-CDA7AF8CDC8F}.Release|Any CPU.Build.0 = Release|Any CPU
	EndGlobalSection
	GlobalSection(SolutionProperties) = preSolution
		HideSolutionNode = FALSE
	EndGlobalSection
	GlobalSection(ExtensibilityGlobals) = postSolution
		SolutionGuid = {D16E4BA0-FDF8-4EE7-B93C-2C1A37A1CBBE}
	EndGlobalSection
EndGlobal
